
Microsoft Visual Studio Solution File, Format Version 12.00
# Visual Studio Version 17
VisualStudioVersion = 17.5.002.0
MinimumVisualStudioVersion = 10.0.40219.1
Project("{9A19103F-16F7-4668-BE54-9A1E7A4F7556}") = "Ejemplo1", "Ejemplo1.csproj", "{E67EBB89-F739-4B88-A3B7-F46CED14965C}"
EndProject
Global
	GlobalSection(SolutionConfigurationPlatforms) = preSolution
		Debug|Any CPU = Debug|Any CPU
		Release|Any CPU = Release|Any CPU
	EndGlobalSection
	GlobalSection(ProjectConfigurationPlatforms) = postSolution
		{E67EBB89-F739-4B88-A3B7-F46CED14965C}.Debug|Any CPU.ActiveCfg = Debug|Any CPU
		{E67EBB89-F739-4B88-A3B7-F46CED14965C}.Debug|Any CPU.Build.0 = Debug|Any CPU
		{E67EBB89-F739-4B88-A3B7-F46CED14965C}.Release|Any CPU.ActiveCfg = Release|Any CPU
		{E67EBB89-F739-4B88-A3B7-F46CED14965C}.Release|Any CPU.Build.0 = Release|Any CPU
	EndGlobalSection
	GlobalSection(SolutionProperties) = preSolution
		HideSolutionNode = FALSE
	EndGlobalSection
	GlobalSection(ExtensibilityGlobals) = postSolution
		SolutionGuid = {52EDAA27-D23F-4B9E-A109-5B8DAD66CD0C}
	EndGlobalSection
EndGlobal
